
Microsoft Visual Studio Solution File, Format Version 12.00
# Visual Studio Version 17
VisualStudioVersion = 17.14.36127.28
MinimumVisualStudioVersion = 10.0.40219.1
Project("{FAE04EC0-301F-11D3-BF4B-00C04F79EFBC}") = "Backend", "Backend.csproj", "{70EB2602-FB58-42E8-83D6-3D3BC1E92FF3}"
EndProject
Project("{FAE04EC0-301F-11D3-BF4B-00C04F79EFBC}") = "NaraHomesTest", "..\NaraHomesTest\NaraHomesTest.csproj", "{8277284D-9424-4E14-B452-D60E9AFDA098}"
EndProject
Global
	GlobalSection(SolutionConfigurationPlatforms) = preSolution
		Debug|Any CPU = Debug|Any CPU
		Release|Any CPU = Release|Any CPU
	EndGlobalSection
	GlobalSection(ProjectConfigurationPlatforms) = postSolution
		{70EB2602-FB58-42E8-83D6-3D3BC1E92FF3}.Debug|Any CPU.ActiveCfg = Debug|Any CPU
		{70EB2602-FB58-42E8-83D6-3D3BC1E92FF3}.Debug|Any CPU.Build.0 = Debug|Any CPU
		{70EB2602-FB58-42E8-83D6-3D3BC1E92FF3}.Release|Any CPU.ActiveCfg = Release|Any CPU
		{70EB2602-FB58-42E8-83D6-3D3BC1E92FF3}.Release|Any CPU.Build.0 = Release|Any CPU
		{8277284D-9424-4E14-B452-D60E9AFDA098}.Debug|Any CPU.ActiveCfg = Debug|Any CPU
		{8277284D-9424-4E14-B452-D60E9AFDA098}.Debug|Any CPU.Build.0 = Debug|Any CPU
		{8277284D-9424-4E14-B452-D60E9AFDA098}.Release|Any CPU.ActiveCfg = Release|Any CPU
		{8277284D-9424-4E14-B452-D60E9AFDA098}.Release|Any CPU.Build.0 = Release|Any CPU
	EndGlobalSection
	GlobalSection(SolutionProperties) = preSolution
		HideSolutionNode = FALSE
	EndGlobalSection
	GlobalSection(ExtensibilityGlobals) = postSolution
		SolutionGuid = {8A291051-F728-41A4-9FCF-203DD59BAFA3}
	EndGlobalSection
EndGlobal
